%{
  "brcpfcnpj": {:hex, :brcpfcnpj, "0.2.4", "b85d9040480ed393bd2e1b7e513a9c33160c7ac0d4b724db3a1a3b9b8e65089b", [:mix], [{:ecto, "~> 3.0", [hex: :ecto, repo: "hexpm", optional: true]}], "hexpm", "4dd93c4cdefc3c2e73c0f6921a4d67d7ef96d866d27ffa90afb16f1490e6fe68"},
  "cnpj": {:hex, :cnpj, "0.2.0", "f64740659f5474959aea383f04b61008928fc42fd5d0ec540a32c43699506e54", [:mix], [], "hexpm", "5fb4b8a9cc23d5f3de8cfb350aecf67983849e8c0586d0aa0ea829bdad852ee6"},
  "cpf": {:hex, :cpf, "1.1.0", "18fa8359151a60fbae5e896c7a29962df276c9c01afde61f62fb527214b7d112", [:mix], [{:ecto, "~> 3.2", [hex: :ecto, repo: "hexpm", optional: true]}], "hexpm", "c7be2f7823c55a4482f087983a65829b9313673a2957dc79529b814f4e5b52fd"},
  "uuid": {:hex, :uuid, "1.1.8", "e22fc04499de0de3ed1116b770c7737779f226ceefa0badb3592e64d5cfb4eb9", [:mix], [], "hexpm", "c790593b4c3b601f5dc2378baae7efaf5b3d73c4c6456ba85759905be792f2ac"},
}
